<?xml version="1.0" encoding="utf-8"?>
<Project ToolsVersion="4.0" xmlns="http://schemas.microsoft.com/developer/msbuild/2003">
  <ItemGroup>
    <Filter Include="ソース ファイル">
      <UniqueIdentifier>{4FC737F1-C7A5-4376-A066-2A32D752A2FF}</UniqueIdentifier>
      <Extensions>cpp;c;cc;cxx;def;odl;idl;hpj;bat;asm;asmx</Extensions>
    </Filter>
    <Filter Include="リソース ファイル">
      <UniqueIdentifier>{67DA6AB6-F800-4c08-8B7A-83BB121AAD01}</UniqueIdentifier>
      <Extensions>rc;ico;cur;bmp;dlg;rc2;rct;bin;rgs;gif;jpg;jpeg;jpe;resx;tiff;tif;png;wav;mfcribbon-ms</Extensions>
    </Filter>
    <Filter Include="ソース ファイル\vulkan">
      <UniqueIdentifier>{f4d7ce78-f365-4607-9305-18ed815b8dd7}</UniqueIdentifier>
    </Filter>
    <Filter Include="リソース ファイル\shader">
      <UniqueIdentifier>{a1df74b9-7d50-4614-9213-7dd98de16fa1}</UniqueIdentifier>
    </Filter>
    <Filter Include="ソース ファイル\model">
      <UniqueIdentifier>{d3c43b7b-f83e-4c56-979f-a76697f8bf87}</UniqueIdentifier>
    </Filter>
  </ItemGroup>
  <ItemGroup>
    <None Include="packages.config" />
    <None Include="resources\shader\ezshader.vert">
      <Filter>リソース ファイル\shader</Filter>
    </None>
    <None Include="resources\shader\compile.bat">
      <Filter>リソース ファイル\shader</Filter>
    </None>
    <None Include="resources\shader\ezshader.frag">
      <Filter>リソース ファイル\shader</Filter>
    </None>
    <None Include="resources\shader\texshader.frag">
      <Filter>リソース ファイル\shader</Filter>
    </None>
    <None Include="resources\shader\texshader.vert">
      <Filter>リソース ファイル\shader</Filter>
    </None>
  </ItemGroup>
  <ItemGroup>
    <ClCompile Include="main.cpp">
      <Filter>ソース ファイル</Filter>
    </ClCompile>
    <ClCompile Include="vulkan\VulkanAppBase.cpp">
      <Filter>ソース ファイル\vulkan</Filter>
    </ClCompile>
    <ClCompile Include="vulkan\TriangleApp.cpp">
      <Filter>ソース ファイル\vulkan</Filter>
    </ClCompile>
    <ClCompile Include="vulkan\CubeTexApp.cpp">
      <Filter>ソース ファイル\vulkan</Filter>
    </ClCompile>
    <ClCompile Include="model\GLTFReader.cpp">
      <Filter>ソース ファイル</Filter>
    </ClCompile>
  </ItemGroup>
  <ItemGroup>
    <ClInclude Include="vulkan\VulkanAppBase.h">
      <Filter>ソース ファイル\vulkan</Filter>
    </ClInclude>
    <ClInclude Include="vulkan\TriangleApp.h">
      <Filter>ソース ファイル\vulkan</Filter>
    </ClInclude>
    <ClInclude Include="vulkan\CubeTexApp.h">
      <Filter>ソース ファイル\vulkan</Filter>
    </ClInclude>
    <ClInclude Include="model\GLTFReader.h">
      <Filter>ソース ファイル\model</Filter>
    </ClInclude>
  </ItemGroup>
</Project>